{
    "name": "luketowers-easyaudit",
    "lockfileVersion": 3,
    "requires": true,
    "packages": {
        "": {
            "name": "luketowers-easyaudit",
            "dependencies": {
                "jsondiffpatch": "^0.7.6"
            }
        },
        "node_modules/@dmsnell/diff-match-patch": {
            "version": "1.1.0",
            "resolved": "https://registry.npmjs.org/@dmsnell/diff-match-patch/-/diff-match-patch-1.1.0.tgz",
            "integrity": "sha512-yejLPmM5pjsGvxS9gXablUSbInW7H976c/FJ4iQxWIm7/38xBySRemTPDe34lhg1gVLbJntX0+sH0jYfU+PN9A==",
            "license": "Apache-2.0"
        },
        "node_modules/jsondiffpatch": {
            "version": "0.7.6",
            "resolved": "https://registry.npmjs.org/jsondiffpatch/-/jsondiffpatch-0.7.6.tgz",
            "integrity": "sha512-zE9+AXFq+MkTolDor2Cw1nJzLC0aleqPkYf52Kb4Kn4mJcka/gFHpGI2JBVEJCfWOvBl0OoxZS+wuLdislQcqg==",
            "license": "MIT",
            "dependencies": {
                "@dmsnell/diff-match-patch": "^1.1.0"
            },
            "bin": {
                "jsondiffpatch": "bin/jsondiffpatch.js"
            },
            "engines": {
                "node": "^18.0.0 || >=20.0.0"
            }
        }
    }
}
